// !$*UTF8*$!
{
	archiveVersion = 1;
	classes = {
	};
	objectVersion = 46;
	objects = {

/* Begin PBXBuildFile section */
		988DF3381AB6142B0035EB9C /* AppDelegate.swift in Sources */ = {isa = PBXBuildFile; fileRef = 988DF3371AB6142B0035EB9C /* AppDelegate.swift */; };
		988DF33A1AB6142B0035EB9C /* ViewController.swift in Sources */ = {isa = PBXBuildFile; fileRef = 988DF3391AB6142B0035EB9C /* ViewController.swift */; };
		988DF33D1AB6142B0035EB9C /* Main.storyboard in Resources */ = {isa = PBXBuildFile; fileRef = 988DF33B1AB6142B0035EB9C /* Main.storyboard */; };
		988DF33F1AB6142B0035EB9C /* Images.xcassets in Resources */ = {isa = PBXBuildFile; fileRef = 988DF33E1AB6142B0035EB9C /* Images.xcassets */; };
		988DF3421AB6142B0035EB9C /* LaunchScreen.xib in Resources */ = {isa = PBXBuildFile; fileRef = 988DF3401AB6142B0035EB9C /* LaunchScreen.xib */; };
		988DF34E1AB6142B0035EB9C /* tipsTests.swift in Sources */ = {isa = PBXBuildFile; fileRef = 988DF34D1AB6142B0035EB9C /* tipsTests.swift */; };
		98E24BB71AB7462B0075967B /* BlurView.swift in Sources */ = {isa = PBXBuildFile; fileRef = 98E24B9C1AB7462B0075967B /* BlurView.swift */; };
		98E24BB81AB7462B0075967B /* Data.swift in Sources */ = {isa = PBXBuildFile; fileRef = 98E24B9D1AB7462B0075967B /* Data.swift */; };
		98E24BB91AB7462B0075967B /* DesignableButton.swift in Sources */ = {isa = PBXBuildFile; fileRef = 98E24B9E1AB7462B0075967B /* DesignableButton.swift */; };
		98E24BBA1AB7462B0075967B /* DesignableImageView.swift in Sources */ = {isa = PBXBuildFile; fileRef = 98E24B9F1AB7462B0075967B /* DesignableImageView.swift */; };
		98E24BBB1AB7462B0075967B /* DesignableLabel.swift in Sources */ = {isa = PBXBuildFile; fileRef = 98E24BA01AB7462B0075967B /* DesignableLabel.swift */; };
		98E24BBC1AB7462B0075967B /* DesignableTabBarController.swift in Sources */ = {isa = PBXBuildFile; fileRef = 98E24BA11AB7462B0075967B /* DesignableTabBarController.swift */; };
		98E24BBD1AB7462B0075967B /* DesignableTextField.swift in Sources */ = {isa = PBXBuildFile; fileRef = 98E24BA21AB7462B0075967B /* DesignableTextField.swift */; };
		98E24BBE1AB7462B0075967B /* DesignableTextView.swift in Sources */ = {isa = PBXBuildFile; fileRef = 98E24BA31AB7462B0075967B /* DesignableTextView.swift */; };
		98E24BBF1AB7462B0075967B /* DesignableView.swift in Sources */ = {isa = PBXBuildFile; fileRef = 98E24BA41AB7462B0075967B /* DesignableView.swift */; };
		98E24BC01AB7462B0075967B /* ImageLoader.swift in Sources */ = {isa = PBXBuildFile; fileRef = 98E24BA51AB7462B0075967B /* ImageLoader.swift */; };
		98E24BC11AB7462B0075967B /* Info.plist in Resources */ = {isa = PBXBuildFile; fileRef = 98E24BA61AB7462B0075967B /* Info.plist */; };
		98E24BC21AB7462B0075967B /* KeyboardAvoidingScrollView.swift in Sources */ = {isa = PBXBuildFile; fileRef = 98E24BA71AB7462B0075967B /* KeyboardAvoidingScrollView.swift */; };
		98E24BC31AB7462B0075967B /* LoadingView.swift in Sources */ = {isa = PBXBuildFile; fileRef = 98E24BA81AB7462B0075967B /* LoadingView.swift */; };
		98E24BC41AB7462B0075967B /* LoadingView.xib in Resources */ = {isa = PBXBuildFile; fileRef = 98E24BA91AB7462B0075967B /* LoadingView.xib */; };
		98E24BC51AB7462B0075967B /* Misc.swift in Sources */ = {isa = PBXBuildFile; fileRef = 98E24BAA1AB7462B0075967B /* Misc.swift */; };
		98E24BC61AB7462B0075967B /* Spring.swift in Sources */ = {isa = PBXBuildFile; fileRef = 98E24BAC1AB7462B0075967B /* Spring.swift */; };
		98E24BC71AB7462B0075967B /* SpringAnimation.swift in Sources */ = {isa = PBXBuildFile; fileRef = 98E24BAD1AB7462B0075967B /* SpringAnimation.swift */; };
		98E24BC81AB7462B0075967B /* SpringButton.swift in Sources */ = {isa = PBXBuildFile; fileRef = 98E24BAE1AB7462B0075967B /* SpringButton.swift */; };
		98E24BC91AB7462B0075967B /* SpringImageView.swift in Sources */ = {isa = PBXBuildFile; fileRef = 98E24BAF1AB7462B0075967B /* SpringImageView.swift */; };
		98E24BCA1AB7462B0075967B /* SpringLabel.swift in Sources */ = {isa = PBXBuildFile; fileRef = 98E24BB01AB7462B0075967B /* SpringLabel.swift */; };
		98E24BCB1AB7462B0075967B /* SpringTextField.swift in Sources */ = {isa = PBXBuildFile; fileRef = 98E24BB11AB7462B0075967B /* SpringTextField.swift */; };
		98E24BCC1AB7462B0075967B /* SpringTextView.swift in Sources */ = {isa = PBXBuildFile; fileRef = 98E24BB21AB7462B0075967B /* SpringTextView.swift */; };
		98E24BCD1AB7462B0075967B /* SpringView.swift in Sources */ = {isa = PBXBuildFile; fileRef = 98E24BB31AB7462B0075967B /* SpringView.swift */; };
		98E24BCE1AB7462B0075967B /* TransitionManager.swift in Sources */ = {isa = PBXBuildFile; fileRef = 98E24BB41AB7462B0075967B /* TransitionManager.swift */; };
		98E24BCF1AB7462B0075967B /* TransitionZoom.swift in Sources */ = {isa = PBXBuildFile; fileRef = 98E24BB51AB7462B0075967B /* TransitionZoom.swift */; };
		98E24BD01AB7462B0075967B /* UnwindSegue.swift in Sources */ = {isa = PBXBuildFile; fileRef = 98E24BB61AB7462B0075967B /* UnwindSegue.swift */; };
/* End PBXBuildFile section */

/* Begin PBXContainerItemProxy section */
		988DF3481AB6142B0035EB9C /* PBXContainerItemProxy */ = {
			isa = PBXContainerItemProxy;
			containerPortal = 988DF32A1AB6142B0035EB9C /* Project object */;
			proxyType = 1;
			remoteGlobalIDString = 988DF3311AB6142B0035EB9C;
			remoteInfo = tips;
		};
/* End PBXContainerItemProxy section */

/* Begin PBXFileReference section */
		988DF3321AB6142B0035EB9C /* tips.app */ = {isa = PBXFileReference; explicitFileType = wrapper.application; includeInIndex = 0; path = tips.app; sourceTree = BUILT_PRODUCTS_DIR; };
		988DF3361AB6142B0035EB9C /* Info.plist */ = {isa = PBXFileReference; lastKnownFileType = text.plist.xml; path = Info.plist; sourceTree = "<group>"; };
		988DF3371AB6142B0035EB9C /* AppDelegate.swift */ = {isa = PBXFileReference; lastKnownFileType = sourcecode.swift; path = AppDelegate.swift; sourceTree = "<group>"; };
		988DF3391AB6142B0035EB9C /* ViewController.swift */ = {isa = PBXFileReference; lastKnownFileType = sourcecode.swift; path = ViewController.swift; sourceTree = "<group>"; };
		988DF33C1AB6142B0035EB9C /* Base */ = {isa = PBXFileReference; lastKnownFileType = file.storyboard; name = Base; path = Base.lproj/Main.storyboard; sourceTree = "<group>"; };
		988DF33E1AB6142B0035EB9C /* Images.xcassets */ = {isa = PBXFileReference; lastKnownFileType = folder.assetcatalog; path = Images.xcassets; sourceTree = "<group>"; };
		988DF3411AB6142B0035EB9C /* Base */ = {isa = PBXFileReference; lastKnownFileType = file.xib; name = Base; path = Base.lproj/LaunchScreen.xib; sourceTree = "<group>"; };
		988DF3471AB6142B0035EB9C /* tipsTests.xctest */ = {isa = PBXFileReference; explicitFileType = wrapper.cfbundle; includeInIndex = 0; path = tipsTests.xctest; sourceTree = BUILT_PRODUCTS_DIR; };
		988DF34C1AB6142B0035EB9C /* Info.plist */ = {isa = PBXFileReference; lastKnownFileType = text.plist.xml; path = Info.plist; sourceTree = "<group>"; };
		988DF34D1AB6142B0035EB9C /* tipsTests.swift */ = {isa = PBXFileReference; lastKnownFileType = sourcecode.swift; path = tipsTests.swift; sourceTree = "<group>"; };
		98E24B9C1AB7462B0075967B /* BlurView.swift */ = {isa = PBXFileReference; fileEncoding = 4; lastKnownFileType = sourcecode.swift; path = BlurView.swift; sourceTree = "<group>"; };
		98E24B9D1AB7462B0075967B /* Data.swift */ = {isa = PBXFileReference; fileEncoding = 4; lastKnownFileType = sourcecode.swift; path = Data.swift; sourceTree = "<group>"; };
		98E24B9E1AB7462B0075967B /* DesignableButton.swift */ = {isa = PBXFileReference; fileEncoding = 4; lastKnownFileType = sourcecode.swift; path = DesignableButton.swift; sourceTree = "<group>"; };
		98E24B9F1AB7462B0075967B /* DesignableImageView.swift */ = {isa = PBXFileReference; fileEncoding = 4; lastKnownFileType = sourcecode.swift; path = DesignableImageView.swift; sourceTree = "<group>"; };
		98E24BA01AB7462B0075967B /* DesignableLabel.swift */ = {isa = PBXFileReference; fileEncoding = 4; lastKnownFileType = sourcecode.swift; path = DesignableLabel.swift; sourceTree = "<group>"; };
		98E24BA11AB7462B0075967B /* DesignableTabBarController.swift */ = {isa = PBXFileReference; fileEncoding = 4; lastKnownFileType = sourcecode.swift; path = DesignableTabBarController.swift; sourceTree = "<group>"; };
		98E24BA21AB7462B0075967B /* DesignableTextField.swift */ = {isa = PBXFileReference; fileEncoding = 4; lastKnownFileType = sourcecode.swift; path = DesignableTextField.swift; sourceTree = "<group>"; };
		98E24BA31AB7462B0075967B /* DesignableTextView.swift */ = {isa = PBXFileReference; fileEncoding = 4; lastKnownFileType = sourcecode.swift; path = DesignableTextView.swift; sourceTree = "<group>"; };
		98E24BA41AB7462B0075967B /* DesignableView.swift */ = {isa = PBXFileReference; fileEncoding = 4; lastKnownFileType = sourcecode.swift; path = DesignableView.swift; sourceTree = "<group>"; };
		98E24BA51AB7462B0075967B /* ImageLoader.swift */ = {isa = PBXFileReference; fileEncoding = 4; lastKnownFileType = sourcecode.swift; path = ImageLoader.swift; sourceTree = "<group>"; };
		98E24BA61AB7462B0075967B /* Info.plist */ = {isa = PBXFileReference; fileEncoding = 4; lastKnownFileType = text.plist.xml; path = Info.plist; sourceTree = "<group>"; };
		98E24BA71AB7462B0075967B /* KeyboardAvoidingScrollView.swift */ = {isa = PBXFileReference; fileEncoding = 4; lastKnownFileType = sourcecode.swift; path = KeyboardAvoidingScrollView.swift; sourceTree = "<group>"; };
		98E24BA81AB7462B0075967B /* LoadingView.swift */ = {isa = PBXFileReference; fileEncoding = 4; lastKnownFileType = sourcecode.swift; path = LoadingView.swift; sourceTree = "<group>"; };
		98E24BA91AB7462B0075967B /* LoadingView.xib */ = {isa = PBXFileReference; fileEncoding = 4; lastKnownFileType = file.xib; path = LoadingView.xib; sourceTree = "<group>"; };
		98E24BAA1AB7462B0075967B /* Misc.swift */ = {isa = PBXFileReference; fileEncoding = 4; lastKnownFileType = sourcecode.swift; path = Misc.swift; sourceTree = "<group>"; };
		98E24BAB1AB7462B0075967B /* Spring.h */ = {isa = PBXFileReference; fileEncoding = 4; lastKnownFileType = sourcecode.c.h; path = Spring.h; sourceTree = "<group>"; };
		98E24BAC1AB7462B0075967B /* Spring.swift */ = {isa = PBXFileReference; fileEncoding = 4; lastKnownFileType = sourcecode.swift; path = Spring.swift; sourceTree = "<group>"; };
		98E24BAD1AB7462B0075967B /* SpringAnimation.swift */ = {isa = PBXFileReference; fileEncoding = 4; lastKnownFileType = sourcecode.swift; path = SpringAnimation.swift; sourceTree = "<group>"; };
		98E24BAE1AB7462B0075967B /* SpringButton.swift */ = {isa = PBXFileReference; fileEncoding = 4; lastKnownFileType = sourcecode.swift; path = SpringButton.swift; sourceTree = "<group>"; };
		98E24BAF1AB7462B0075967B /* SpringImageView.swift */ = {isa = PBXFileReference; fileEncoding = 4; lastKnownFileType = sourcecode.swift; path = SpringImageView.swift; sourceTree = "<group>"; };
		98E24BB01AB7462B0075967B /* SpringLabel.swift */ = {isa = PBXFileReference; fileEncoding = 4; lastKnownFileType = sourcecode.swift; path = SpringLabel.swift; sourceTree = "<group>"; };
		98E24BB11AB7462B0075967B /* SpringTextField.swift */ = {isa = PBXFileReference; fileEncoding = 4; lastKnownFileType = sourcecode.swift; path = SpringTextField.swift; sourceTree = "<group>"; };
		98E24BB21AB7462B0075967B /* SpringTextView.swift */ = {isa = PBXFileReference; fileEncoding = 4; lastKnownFileType = sourcecode.swift; path = SpringTextView.swift; sourceTree = "<group>"; };
		98E24BB31AB7462B0075967B /* SpringView.swift */ = {isa = PBXFileReference; fileEncoding = 4; lastKnownFileType = sourcecode.swift; path = SpringView.swift; sourceTree = "<group>"; };
		98E24BB41AB7462B0075967B /* TransitionManager.swift */ = {isa = PBXFileReference; fileEncoding = 4; lastKnownFileType = sourcecode.swift; path = TransitionManager.swift; sourceTree = "<group>"; };
		98E24BB51AB7462B0075967B /* TransitionZoom.swift */ = {isa = PBXFileReference; fileEncoding = 4; lastKnownFileType = sourcecode.swift; path = TransitionZoom.swift; sourceTree = "<group>"; };
		98E24BB61AB7462B0075967B /* UnwindSegue.swift */ = {isa = PBXFileReference; fileEncoding = 4; lastKnownFileType = sourcecode.swift; path = UnwindSegue.swift; sourceTree = "<group>"; };
/* End PBXFileReference section */

/* Begin PBXFrameworksBuildPhase section */
		988DF32F1AB6142B0035EB9C /* Frameworks */ = {
			isa = PBXFrameworksBuildPhase;
			buildActionMask = 2147483647;
			files = (
			);
			runOnlyForDeploymentPostprocessing = 0;
		};
		988DF3441AB6142B0035EB9C /* Frameworks */ = {
			isa = PBXFrameworksBuildPhase;
			buildActionMask = 2147483647;
			files = (
			);
			runOnlyForDeploymentPostprocessing = 0;
		};
/* End PBXFrameworksBuildPhase section */

/* Begin PBXGroup section */
		988DF3291AB6142B0035EB9C = {
			isa = PBXGroup;
			children = (
				988DF3341AB6142B0035EB9C /* tips */,
				988DF34A1AB6142B0035EB9C /* tipsTests */,
				988DF3331AB6142B0035EB9C /* Products */,
			);
			sourceTree = "<group>";
		};
		988DF3331AB6142B0035EB9C /* Products */ = {
			isa = PBXGroup;
			children = (
				988DF3321AB6142B0035EB9C /* tips.app */,
				988DF3471AB6142B0035EB9C /* tipsTests.xctest */,
			);
			name = Products;
			sourceTree = "<group>";
		};
		988DF3341AB6142B0035EB9C /* tips */ = {
			isa = PBXGroup;
			children = (
				98E24B9B1AB7462B0075967B /* Spring */,
				988DF3371AB6142B0035EB9C /* AppDelegate.swift */,
				988DF3391AB6142B0035EB9C /* ViewController.swift */,
				988DF33B1AB6142B0035EB9C /* Main.storyboard */,
				988DF33E1AB6142B0035EB9C /* Images.xcassets */,
				988DF3401AB6142B0035EB9C /* LaunchScreen.xib */,
				988DF3351AB6142B0035EB9C /* Supporting Files */,
			);
			path = tips;
			sourceTree = "<group>";
		};
		988DF3351AB6142B0035EB9C /* Supporting Files */ = {
			isa = PBXGroup;
			children = (
				988DF3361AB6142B0035EB9C /* Info.plist */,
			);
			name = "Supporting Files";
			sourceTree = "<group>";
		};
		988DF34A1AB6142B0035EB9C /* tipsTests */ = {
			isa = PBXGroup;
			children = (
				988DF34D1AB6142B0035EB9C /* tipsTests.swift */,
				988DF34B1AB6142B0035EB9C /* Supporting Files */,
			);
			path = tipsTests;
			sourceTree = "<group>";
		};
		988DF34B1AB6142B0035EB9C /* Supporting Files */ = {
			isa = PBXGroup;
			children = (
				988DF34C1AB6142B0035EB9C /* Info.plist */,
			);
			name = "Supporting Files";
			sourceTree = "<group>";
		};
		98E24B9B1AB7462B0075967B /* Spring */ = {
			isa = PBXGroup;
			children = (
				98E24B9C1AB7462B0075967B /* BlurView.swift */,
				98E24B9D1AB7462B0075967B /* Data.swift */,
				98E24B9E1AB7462B0075967B /* DesignableButton.swift */,
				98E24B9F1AB7462B0075967B /* DesignableImageView.swift */,
				98E24BA01AB7462B0075967B /* DesignableLabel.swift */,
				98E24BA11AB7462B0075967B /* DesignableTabBarController.swift */,
				98E24BA21AB7462B0075967B /* DesignableTextField.swift */,
				98E24BA31AB7462B0075967B /* DesignableTextView.swift */,
				98E24BA41AB7462B0075967B /* DesignableView.swift */,
				98E24BA51AB7462B0075967B /* ImageLoader.swift */,
				98E24BA61AB7462B0075967B /* Info.plist */,
				98E24BA71AB7462B0075967B /* KeyboardAvoidingScrollView.swift */,
				98E24BA81AB7462B0075967B /* LoadingView.swift */,
				98E24BA91AB7462B0075967B /* LoadingView.xib */,
				98E24BAA1AB7462B0075967B /* Misc.swift */,
				98E24BAB1AB7462B0075967B /* Spring.h */,
				98E24BAC1AB7462B0075967B /* Spring.swift */,
				98E24BAD1AB7462B0075967B /* SpringAnimation.swift */,
				98E24BAE1AB7462B0075967B /* SpringButton.swift */,
				98E24BAF1AB7462B0075967B /* SpringImageView.swift */,
				98E24BB01AB7462B0075967B /* SpringLabel.swift */,
				98E24BB11AB7462B0075967B /* SpringTextField.swift */,
				98E24BB21AB7462B0075967B /* SpringTextView.swift */,
				98E24BB31AB7462B0075967B /* SpringView.swift */,
				98E24BB41AB7462B0075967B /* TransitionManager.swift */,
				98E24BB51AB7462B0075967B /* TransitionZoom.swift */,
				98E24BB61AB7462B0075967B /* UnwindSegue.swift */,
			);
			path = Spring;
			sourceTree = "<group>";
		};
/* End PBXGroup section */

/* Begin PBXNativeTarget section */
		988DF3311AB6142B0035EB9C /* tips */ = {
			isa = PBXNativeTarget;
			buildConfigurationList = 988DF3511AB6142B0035EB9C /* Build configuration list for PBXNativeTarget "tips" */;
			buildPhases = (
				988DF32E1AB6142B0035EB9C /* Sources */,
				988DF32F1AB6142B0035EB9C /* Frameworks */,
				988DF3301AB6142B0035EB9C /* Resources */,
			);
			buildRules = (
			);
			dependencies = (
			);
			name = tips;
			productName = tips;
			productReference = 988DF3321AB6142B0035EB9C /* tips.app */;
			productType = "com.apple.product-type.application";
		};
		988DF3461AB6142B0035EB9C /* tipsTests */ = {
			isa = PBXNativeTarget;
			buildConfigurationList = 988DF3541AB6142B0035EB9C /* Build configuration list for PBXNativeTarget "tipsTests" */;
			buildPhases = (
				988DF3431AB6142B0035EB9C /* Sources */,
				988DF3441AB6142B0035EB9C /* Frameworks */,
				988DF3451AB6142B0035EB9C /* Resources */,
			);
			buildRules = (
			);
			dependencies = (
				988DF3491AB6142B0035EB9C /* PBXTargetDependency */,
			);
			name = tipsTests;
			productName = tipsTests;
			productReference = 988DF3471AB6142B0035EB9C /* tipsTests.xctest */;
			productType = "com.apple.product-type.bundle.unit-test";
		};
/* End PBXNativeTarget section */

/* Begin PBXProject section */
		988DF32A1AB6142B0035EB9C /* Project object */ = {
			isa = PBXProject;
			attributes = {
				LastUpgradeCheck = 0620;
				ORGANIZATIONNAME = fguzman;
				TargetAttributes = {
					988DF3311AB6142B0035EB9C = {
						CreatedOnToolsVersion = 6.2;
					};
					988DF3461AB6142B0035EB9C = {
						CreatedOnToolsVersion = 6.2;
						TestTargetID = 988DF3311AB6142B0035EB9C;
					};
				};
			};
			buildConfigurationList = 988DF32D1AB6142B0035EB9C /* Build configuration list for PBXProject "tips" */;
			compatibilityVersion = "Xcode 3.2";
			developmentRegion = English;
			hasScannedForEncodings = 0;
			knownRegions = (
				en,
				Base,
			);
			mainGroup = 988DF3291AB6142B0035EB9C;
			productRefGroup = 988DF3331AB6142B0035EB9C /* Products */;
			projectDirPath = "";
			projectRoot = "";
			targets = (
				988DF3311AB6142B0035EB9C /* tips */,
				988DF3461AB6142B0035EB9C /* tipsTests */,
			);
		};
/* End PBXProject section */

/* Begin PBXResourcesBuildPhase section */
		988DF3301AB6142B0035EB9C /* Resources */ = {
			isa = PBXResourcesBuildPhase;
			buildActionMask = 2147483647;
			files = (
				98E24BC11AB7462B0075967B /* Info.plist in Resources */,
				988DF33D1AB6142B0035EB9C /* Main.storyboard in Resources */,
				988DF3421AB6142B0035EB9C /* LaunchScreen.xib in Resources */,
				988DF33F1AB6142B0035EB9C /* Images.xcassets in Resources */,
				98E24BC41AB7462B0075967B /* LoadingView.xib in Resources */,
			);
			runOnlyForDeploymentPostprocessing = 0;
		};
		988DF3451AB6142B0035EB9C /* Resources */ = {
			isa = PBXResourcesBuildPhase;
			buildActionMask = 2147483647;
			files = (
			);
			runOnlyForDeploymentPostprocessing = 0;
		};
/* End PBXResourcesBuildPhase section */

/* Begin PBXSourcesBuildPhase section */
		988DF32E1AB6142B0035EB9C /* Sources */ = {
			isa = PBXSourcesBuildPhase;
			buildActionMask = 2147483647;
			files = (
				98E24BCE1AB7462B0075967B /* TransitionManager.swift in Sources */,
				988DF33A1AB6142B0035EB9C /* ViewController.swift in Sources */,
				98E24BC91AB7462B0075967B /* SpringImageView.swift in Sources */,
				98E24BC71AB7462B0075967B /* SpringAnimation.swift in Sources */,
				98E24BBD1AB7462B0075967B /* DesignableTextField.swift in Sources */,
				98E24BC01AB7462B0075967B /* ImageLoader.swift in Sources */,
				98E24BCF1AB7462B0075967B /* TransitionZoom.swift in Sources */,
				98E24BCD1AB7462B0075967B /* SpringView.swift in Sources */,
				98E24BD01AB7462B0075967B /* UnwindSegue.swift in Sources */,
				98E24BC51AB7462B0075967B /* Misc.swift in Sources */,
				98E24BCC1AB7462B0075967B /* SpringTextView.swift in Sources */,
				98E24BCB1AB7462B0075967B /* SpringTextField.swift in Sources */,
				98E24BC21AB7462B0075967B /* KeyboardAvoidingScrollView.swift in Sources */,
				988DF3381AB6142B0035EB9C /* AppDelegate.swift in Sources */,
				98E24BC31AB7462B0075967B /* LoadingView.swift in Sources */,
				98E24BBF1AB7462B0075967B /* DesignableView.swift in Sources */,
				98E24BBC1AB7462B0075967B /* DesignableTabBarController.swift in Sources */,
				98E24BB71AB7462B0075967B /* BlurView.swift in Sources */,
				98E24BC61AB7462B0075967B /* Spring.swift in Sources */,
				98E24BB91AB7462B0075967B /* DesignableButton.swift in Sources */,
				98E24BBA1AB7462B0075967B /* DesignableImageView.swift in Sources */,
				98E24BCA1AB7462B0075967B /* SpringLabel.swift in Sources */,
				98E24BC81AB7462B0075967B /* SpringButton.swift in Sources */,
				98E24BBE1AB7462B0075967B /* DesignableTextView.swift in Sources */,
				98E24BBB1AB7462B0075967B /* DesignableLabel.swift in Sources */,
				98E24BB81AB7462B0075967B /* Data.swift in Sources */,
			);
			runOnlyForDeploymentPostprocessing = 0;
		};
		988DF3431AB6142B0035EB9C /* Sources */ = {
			isa = PBXSourcesBuildPhase;
			buildActionMask = 2147483647;
			files = (
				988DF34E1AB6142B0035EB9C /* tipsTests.swift in Sources */,
			);
			runOnlyForDeploymentPostprocessing = 0;
		};
/* End PBXSourcesBuildPhase section */

/* Begin PBXTargetDependency section */
		988DF3491AB6142B0035EB9C /* PBXTargetDependency */ = {
			isa = PBXTargetDependency;
			target = 988DF3311AB6142B0035EB9C /* tips */;
			targetProxy = 988DF3481AB6142B0035EB9C /* PBXContainerItemProxy */;
		};
/* End PBXTargetDependency section */

/* Begin PBXVariantGroup section */
		988DF33B1AB6142B0035EB9C /* Main.storyboard */ = {
			isa = PBXVariantGroup;
			children = (
				988DF33C1AB6142B0035EB9C /* Base */,
			);
			name = Main.storyboard;
			sourceTree = "<group>";
		};
		988DF3401AB6142B0035EB9C /* LaunchScreen.xib */ = {
			isa = PBXVariantGroup;
			children = (
				988DF3411AB6142B0035EB9C /* Base */,
			);
			name = LaunchScreen.xib;
			sourceTree = "<group>";
		};
/* End PBXVariantGroup section */

/* Begin XCBuildConfiguration section */
		988DF34F1AB6142B0035EB9C /* Debug */ = {
			isa = XCBuildConfiguration;
			buildSettings = {
				ALWAYS_SEARCH_USER_PATHS = NO;
				CLANG_CXX_LANGUAGE_STANDARD = "gnu++0x";
				CLANG_CXX_LIBRARY = "libc++";
				CLANG_ENABLE_MODULES = YES;
				CLANG_ENABLE_OBJC_ARC = YES;
				CLANG_WARN_BOOL_CONVERSION = YES;
				CLANG_WARN_CONSTANT_CONVERSION = YES;
				CLANG_WARN_DIRECT_OBJC_ISA_USAGE = YES_ERROR;
				CLANG_WARN_EMPTY_BODY = YES;
				CLANG_WARN_ENUM_CONVERSION = YES;
				CLANG_WARN_INT_CONVERSION = YES;
				CLANG_WARN_OBJC_ROOT_CLASS = YES_ERROR;
				CLANG_WARN_UNREACHABLE_CODE = YES;
				CLANG_WARN__DUPLICATE_METHOD_MATCH = YES;
				"CODE_SIGN_IDENTITY[sdk=iphoneos*]" = "iPhone Developer";
				COPY_PHASE_STRIP = NO;
				ENABLE_STRICT_OBJC_MSGSEND = YES;
				GCC_C_LANGUAGE_STANDARD = gnu99;
				GCC_DYNAMIC_NO_PIC = NO;
				GCC_OPTIMIZATION_LEVEL = 0;
				GCC_PREPROCESSOR_DEFINITIONS = (
					"DEBUG=1",
					"$(inherited)",
				);
				GCC_SYMBOLS_PRIVATE_EXTERN = NO;
				GCC_WARN_64_TO_32_BIT_CONVERSION = YES;
				GCC_WARN_ABOUT_RETURN_TYPE = YES_ERROR;
				GCC_WARN_UNDECLARED_SELECTOR = YES;
				GCC_WARN_UNINITIALIZED_AUTOS = YES_AGGRESSIVE;
				GCC_WARN_UNUSED_FUNCTION = YES;
				GCC_WARN_UNUSED_VARIABLE = YES;
				IPHONEOS_DEPLOYMENT_TARGET = 8.2;
				MTL_ENABLE_DEBUG_INFO = YES;
				ONLY_ACTIVE_ARCH = YES;
				SDKROOT = iphoneos;
				SWIFT_OPTIMIZATION_LEVEL = "-Onone";
			};
			name = Debug;
		};
		988DF3501AB6142B0035EB9C /* Release */ = {
			isa = XCBuildConfiguration;
			buildSettings = {
				ALWAYS_SEARCH_USER_PATHS = NO;
				CLANG_CXX_LANGUAGE_STANDARD = "gnu++0x";
				CLANG_CXX_LIBRARY = "libc++";
				CLANG_ENABLE_MODULES = YES;
				CLANG_ENABLE_OBJC_ARC = YES;
				CLANG_WARN_BOOL_CONVERSION = YES;
				CLANG_WARN_CONSTANT_CONVERSION = YES;
				CLANG_WARN_DIRECT_OBJC_ISA_USAGE = YES_ERROR;
				CLANG_WARN_EMPTY_BODY = YES;
				CLANG_WARN_ENUM_CONVERSION = YES;
				CLANG_WARN_INT_CONVERSION = YES;
				CLANG_WARN_OBJC_ROOT_CLASS = YES_ERROR;
				CLANG_WARN_UNREACHABLE_CODE = YES;
				CLANG_WARN__DUPLICATE_METHOD_MATCH = YES;
				"CODE_SIGN_IDENTITY[sdk=iphoneos*]" = "iPhone Developer";
				COPY_PHASE_STRIP = NO;
				ENABLE_NS_ASSERTIONS = NO;
				ENABLE_STRICT_OBJC_MSGSEND = YES;
				GCC_C_LANGUAGE_STANDARD = gnu99;
				GCC_WARN_64_TO_32_BIT_CONVERSION = YES;
				GCC_WARN_ABOUT_RETURN_TYPE = YES_ERROR;
				GCC_WARN_UNDECLARED_SELECTOR = YES;
				GCC_WARN_UNINITIALIZED_AUTOS = YES_AGGRESSIVE;
				GCC_WARN_UNUSED_FUNCTION = YES;
				GCC_WARN_UNUSED_VARIABLE = YES;
				IPHONEOS_DEPLOYMENT_TARGET = 8.2;
				MTL_ENABLE_DEBUG_INFO = NO;
				SDKROOT = iphoneos;
				VALIDATE_PRODUCT = YES;
			};
			name = Release;
		};
		988DF3521AB6142B0035EB9C /* Debug */ = {
			isa = XCBuildConfiguration;
			buildSettings = {
				ASSETCATALOG_COMPILER_APPICON_NAME = AppIcon;
				INFOPLIST_FILE = tips/Info.plist;
				IPHONEOS_DEPLOYMENT_TARGET = 8.2;
				LD_RUNPATH_SEARCH_PATHS = "$(inherited) @executable_path/Frameworks";
				PRODUCT_NAME = "$(TARGET_NAME)";
			};
			name = Debug;
		};
		988DF3531AB6142B0035EB9C /* Release */ = {
			isa = XCBuildConfiguration;
			buildSettings = {
				ASSETCATALOG_COMPILER_APPICON_NAME = AppIcon;
				INFOPLIST_FILE = tips/Info.plist;
				IPHONEOS_DEPLOYMENT_TARGET = 8.2;
				LD_RUNPATH_SEARCH_PATHS = "$(inherited) @executable_path/Frameworks";
				PRODUCT_NAME = "$(TARGET_NAME)";
			};
			name = Release;
		};
		988DF3551AB6142B0035EB9C /* Debug */ = {
			isa = XCBuildConfiguration;
			buildSettings = {
				BUNDLE_LOADER = "$(TEST_HOST)";
				FRAMEWORK_SEARCH_PATHS = (
					"$(SDKROOT)/Developer/Library/Frameworks",
					"$(inherited)",
				);
				GCC_PREPROCESSOR_DEFINITIONS = (
					"DEBUG=1",
					"$(inherited)",
				);
				INFOPLIST_FILE = tipsTests/Info.plist;
				LD_RUNPATH_SEARCH_PATHS = "$(inherited) @executable_path/Frameworks @loader_path/Frameworks";
				PRODUCT_NAME = "$(TARGET_NAME)";
				TEST_HOST = "$(BUILT_PRODUCTS_DIR)/tips.app/tips";
			};
			name = Debug;
		};
		988DF3561AB6142B0035EB9C /* Release */ = {
			isa = XCBuildConfiguration;
			buildSettings = {
				BUNDLE_LOADER = "$(TEST_HOST)";
				FRAMEWORK_SEARCH_PATHS = (
					"$(SDKROOT)/Developer/Library/Frameworks",
					"$(inherited)",
				);
				INFOPLIST_FILE = tipsTests/Info.plist;
				LD_RUNPATH_SEARCH_PATHS = "$(inherited) @executable_path/Frameworks @loader_path/Frameworks";
				PRODUCT_NAME = "$(TARGET_NAME)";
				TEST_HOST = "$(BUILT_PRODUCTS_DIR)/tips.app/tips";
			};
			name = Release;
		};
/* End XCBuildConfiguration section */

/* Begin XCConfigurationList section */
		988DF32D1AB6142B0035EB9C /* Build configuration list for PBXProject "tips" */ = {
			isa = XCConfigurationList;
			buildConfigurations = (
				988DF34F1AB6142B0035EB9C /* Debug */,
				988DF3501AB6142B0035EB9C /* Release */,
			);
			defaultConfigurationIsVisible = 0;
			defaultConfigurationName = Release;
		};
		988DF3511AB6142B0035EB9C /* Build configuration list for PBXNativeTarget "tips" */ = {
			isa = XCConfigurationList;
			buildConfigurations = (
				988DF3521AB6142B0035EB9C /* Debug */,
				988DF3531AB6142B0035EB9C /* Release */,
			);
			defaultConfigurationIsVisible = 0;
			defaultConfigurationName = Release;
		};
		988DF3541AB6142B0035EB9C /* Build configuration list for PBXNativeTarget "tipsTests" */ = {
			isa = XCConfigurationList;
			buildConfigurations = (
				988DF3551AB6142B0035EB9C /* Debug */,
				988DF3561AB6142B0035EB9C /* Release */,
			);
			defaultConfigurationIsVisible = 0;
			defaultConfigurationName = Release;
		};
/* End XCConfigurationList section */
	};
	rootObject = 988DF32A1AB6142B0035EB9C /* Project object */;
}
